{
  "nodes": {
    "brightness": {
      "inputs": {
        "nixpkgs": "nixpkgs"
      },
      "locked": {
        "lastModified": 1730264213,
        "narHash": "sha256-La+XjgyDyYkeiR2Q9dmTiwwSVnJZBuCkRM/KtJl97sc=",
        "owner": "abhi-xyz",
        "repo": "brightness",
        "rev": "75dadc572bd81adaa28eca197b37abfffe47f62b",
        "type": "github"
      },
      "original": {
        "owner": "abhi-xyz",
        "repo": "brightness",
        "type": "github"
      }
    },
    "home-manager": {
      "inputs": {
        "nixpkgs": [
          "nixpkgs"
        ]
      },
      "locked": {
        "lastModified": 1726989464,
        "narHash": "sha256-Vl+WVTJwutXkimwGprnEtXc/s/s8sMuXzqXaspIGlwM=",
        "owner": "nix-community",
        "repo": "home-manager",
        "rev": "2f23fa308a7c067e52dfcc30a0758f47043ec176",
        "type": "github"
      },
      "original": {
        "owner": "nix-community",
        "ref": "release-24.05",
        "repo": "home-manager",
        "type": "github"
      }
    },
    "lyricz": {
      "inputs": {
        "nixpkgs": [
          "nixpkgs"
        ]
      },
      "locked": {
        "lastModified": 1730527714,
        "narHash": "sha256-qESLQQANGnVsgRg2Q+VAo+0Ta3cLzl+/cnyQwvf4Zw8=",
        "owner": "abhi-xyz",
        "repo": "lyricz",
        "rev": "a4b1b097529f9584a0aa8c9241c27f293cf0a165",
        "type": "github"
      },
      "original": {
        "owner": "abhi-xyz",
        "repo": "lyricz",
        "type": "github"
      }
    },
    "nixpkgs": {
      "locked": {
        "lastModified": 1729880355,
        "narHash": "sha256-RP+OQ6koQQLX5nw0NmcDrzvGL8HDLnyXt/jHhL1jwjM=",
        "owner": "nixos",
        "repo": "nixpkgs",
        "rev": "18536bf04cd71abd345f9579158841376fdd0c5a",
        "type": "github"
      },
      "original": {
        "owner": "nixos",
        "ref": "nixos-unstable",
        "repo": "nixpkgs",
        "type": "github"
      }
    },
    "nixpkgs-stable": {
      "locked": {
        "lastModified": 1729973466,
        "narHash": "sha256-knnVBGfTCZlQgxY1SgH0vn2OyehH9ykfF8geZgS95bk=",
        "owner": "NixOS",
        "repo": "nixpkgs",
        "rev": "cd3e8833d70618c4eea8df06f95b364b016d4950",
        "type": "github"
      },
      "original": {
        "owner": "NixOS",
        "ref": "release-24.05",
        "repo": "nixpkgs",
        "type": "github"
      }
    },
    "nixpkgs-unstable": {
      "locked": {
        "lastModified": 1729880355,
        "narHash": "sha256-RP+OQ6koQQLX5nw0NmcDrzvGL8HDLnyXt/jHhL1jwjM=",
        "owner": "NixOS",
        "repo": "nixpkgs",
        "rev": "18536bf04cd71abd345f9579158841376fdd0c5a",
        "type": "github"
      },
      "original": {
        "id": "nixpkgs",
        "ref": "nixos-unstable",
        "type": "indirect"
      }
    },
    "nixpkgs_2": {
      "locked": {
        "lastModified": 1729973466,
        "narHash": "sha256-knnVBGfTCZlQgxY1SgH0vn2OyehH9ykfF8geZgS95bk=",
        "owner": "NixOS",
        "repo": "nixpkgs",
        "rev": "cd3e8833d70618c4eea8df06f95b364b016d4950",
        "type": "github"
      },
      "original": {
        "id": "nixpkgs",
        "ref": "nixos-24.05",
        "type": "indirect"
      }
    },
    "nixpkgs_3": {
      "locked": {
        "lastModified": 1729880355,
        "narHash": "sha256-RP+OQ6koQQLX5nw0NmcDrzvGL8HDLnyXt/jHhL1jwjM=",
        "owner": "nixos",
        "repo": "nixpkgs",
        "rev": "18536bf04cd71abd345f9579158841376fdd0c5a",
        "type": "github"
      },
      "original": {
        "owner": "nixos",
        "ref": "nixos-unstable",
        "repo": "nixpkgs",
        "type": "github"
      }
    },
    "otter": {
      "inputs": {
        "nixpkgs": "nixpkgs_3"
      },
      "locked": {
        "lastModified": 1730213822,
        "narHash": "sha256-imnNZfxX59a9HLjY6a9eBs8JPX0jjvA5E5NpdpESqAg=",
        "owner": "abhi-xyz",
        "repo": "otter",
        "rev": "1a0cb0abcc29ed26571175bb2e462d345c8248d4",
        "type": "github"
      },
      "original": {
        "owner": "abhi-xyz",
        "repo": "otter",
        "type": "github"
      }
    },
    "root": {
      "inputs": {
        "brightness": "brightness",
        "home-manager": "home-manager",
        "lyricz": "lyricz",
        "nixpkgs": "nixpkgs_2",
        "nixpkgs-unstable": "nixpkgs-unstable",
        "otter": "otter",
        "sddm-sugar-candy-nix": "sddm-sugar-candy-nix",
        "sops-nix": "sops-nix"
      }
    },
    "sddm-sugar-candy-nix": {
      "inputs": {
        "nixpkgs": [
          "nixpkgs"
        ]
      },
      "locked": {
        "lastModified": 1722593422,
        "narHash": "sha256-uZTuVWQEnfmcZj9QEEFCh0lMuCJULXQSurLTC/9tRgY=",
        "owner": "Zhaith-Izaliel",
        "repo": "sddm-sugar-candy-nix",
        "rev": "35d6fdb4eed20d682e992ae3c6095427e89c2b74",
        "type": "gitlab"
      },
      "original": {
        "owner": "Zhaith-Izaliel",
        "repo": "sddm-sugar-candy-nix",
        "type": "gitlab"
      }
    },
    "sops-nix": {
      "inputs": {
        "nixpkgs": [
          "nixpkgs"
        ],
        "nixpkgs-stable": "nixpkgs-stable"
      },
      "locked": {
        "lastModified": 1729999681,
        "narHash": "sha256-qm0uCtM9bg97LeJTKQ8dqV/FvqRN+ompyW4GIJruLuw=",
        "owner": "Mic92",
        "repo": "sops-nix",
        "rev": "1666d16426abe79af5c47b7c0efa82fd31bf4c56",
        "type": "github"
      },
      "original": {
        "owner": "Mic92",
        "repo": "sops-nix",
        "type": "github"
      }
    }
  },
  "root": "root",
  "version": 7
}
