{
  "nodes": {
    "brightness": {
      "inputs": {
        "nixpkgs": [
          "nixpkgs"
        ]
      },
      "locked": {
        "lastModified": 1749468117,
        "narHash": "sha256-Xr3ju85HjyY6GMKYCTvVNF7qdxr+vJmq10hHlRiikPo=",
        "owner": "abhinandh-s",
        "repo": "brightness",
        "rev": "622505b2961184a3732969ad456336e1373b3eac",
        "type": "github"
      },
      "original": {
        "owner": "abhinandh-s",
        "repo": "brightness",
        "type": "github"
      }
    },
    "catppuccin": {
      "locked": {
        "lastModified": 1753712554,
        "narHash": "sha256-08FvkiuP1sNMiseV9w2bJq4hrDs2hA+s0aSYGbuzp3M=",
        "path": "/home/abhi/git/catppuccin-nix",
        "type": "path"
      },
      "original": {
        "path": "/home/abhi/git/catppuccin-nix",
        "type": "path"
      }
    },
    "dwm": {
      "inputs": {
        "nixpkgs": [
          "nixpkgs"
        ]
      },
      "locked": {
        "lastModified": 1745124783,
        "narHash": "sha256-YkDktkzUsOia3neOUF9hZF0BSXqYOCNS/sIjV7jxvAc=",
        "owner": "abhinandh-s",
        "repo": "dwm",
        "rev": "18ab98d0fa6ca03dd9f842f3458d2f4372990288",
        "type": "github"
      },
      "original": {
        "owner": "abhinandh-s",
        "repo": "dwm",
        "type": "github"
      }
    },
    "home-manager": {
      "inputs": {
        "nixpkgs": [
          "nixpkgs"
        ]
      },
      "locked": {
        "lastModified": 1765979862,
        "narHash": "sha256-/r9/1KamvbHJx6I40H4HsSXnEcBAkj46ZwibhBx9kg0=",
        "owner": "nix-community",
        "repo": "home-manager",
        "rev": "d3135ab747fd9dac250ffb90b4a7e80634eacbe9",
        "type": "github"
      },
      "original": {
        "owner": "nix-community",
        "ref": "release-25.11",
        "repo": "home-manager",
        "type": "github"
      }
    },
    "nix-fonts": {
      "inputs": {
        "nixpkgs": [
          "nixpkgs"
        ]
      },
      "locked": {
        "lastModified": 1745155194,
        "narHash": "sha256-wgQoUqF03wLGIRR56MsyFz8eXDlohOCYR2swTfZ2NCA=",
        "owner": "abhinandh-s",
        "repo": "nix-fonts",
        "rev": "b19d2de2dcbd3bbf98f36579d177d7fc41e62537",
        "type": "github"
      },
      "original": {
        "owner": "abhinandh-s",
        "repo": "nix-fonts",
        "type": "github"
      }
    },
    "nixpkgs": {
      "locked": {
        "lastModified": 1765838191,
        "narHash": "sha256-m5KWt1nOm76ILk/JSCxBM4MfK3rYY7Wq9/TZIIeGnT8=",
        "owner": "NixOS",
        "repo": "nixpkgs",
        "rev": "c6f52ebd45e5925c188d1a20119978aa4ffd5ef6",
        "type": "github"
      },
      "original": {
        "id": "nixpkgs",
        "ref": "nixos-25.11",
        "type": "indirect"
      }
    },
    "nixpkgs-unstable": {
      "locked": {
        "lastModified": 1766070988,
        "narHash": "sha256-G/WVghka6c4bAzMhTwT2vjLccg/awmHkdKSd2JrycLc=",
        "owner": "NixOS",
        "repo": "nixpkgs",
        "rev": "c6245e83d836d0433170a16eb185cefe0572f8b8",
        "type": "github"
      },
      "original": {
        "id": "nixpkgs",
        "ref": "nixos-unstable",
        "type": "indirect"
      }
    },
    "root": {
      "inputs": {
        "brightness": "brightness",
        "catppuccin": "catppuccin",
        "dwm": "dwm",
        "home-manager": "home-manager",
        "nix-fonts": "nix-fonts",
        "nixpkgs": "nixpkgs",
        "nixpkgs-unstable": "nixpkgs-unstable",
        "rust-overlay": "rust-overlay",
        "sops-nix": "sops-nix"
      }
    },
    "rust-overlay": {
      "inputs": {
        "nixpkgs": [
          "nixpkgs-unstable"
        ]
      },
      "locked": {
        "lastModified": 1766198367,
        "narHash": "sha256-f1L1rCEu2Zew6zdiZ38jJDZd65ktE7UN+Gqn2LHPiFI=",
        "owner": "oxalica",
        "repo": "rust-overlay",
        "rev": "66bb33fdfb50b1ee724381c3f5d6012dac6c89b3",
        "type": "github"
      },
      "original": {
        "owner": "oxalica",
        "repo": "rust-overlay",
        "type": "github"
      }
    },
    "sops-nix": {
      "inputs": {
        "nixpkgs": [
          "nixpkgs"
        ]
      },
      "locked": {
        "lastModified": 1765836173,
        "narHash": "sha256-hWRYfdH2ONI7HXbqZqW8Q1y9IRbnXWvtvt/ONZovSNY=",
        "owner": "Mic92",
        "repo": "sops-nix",
        "rev": "443a7f2e7e118c4fc63b7fae05ab3080dd0e5c63",
        "type": "github"
      },
      "original": {
        "owner": "Mic92",
        "repo": "sops-nix",
        "type": "github"
      }
    }
  },
  "root": "root",
  "version": 7
}
